<?xml version="1.0" encoding="utf-8"?>
<Project ToolsVersion="4.0" xmlns="http://schemas.microsoft.com/developer/msbuild/2003">
  <ItemGroup>
    <ClCompile Include="SurvivalAgentPlugin.cpp" />
    <ClCompile Include="stdafx.cpp" />
    <ClCompile Include="DecisionMaking\FiniteStateMachines\GOAPStates.cpp" />
    <ClCompile Include="EliteAI\EliteDecisionMaking\EliteFiniteStateMachine\EFiniteStateMachine.cpp" />
    <ClCompile Include="GOAPPlanner.cpp" />
    <ClCompile Include="Actions\GOAPAction.cpp" />
    <ClCompile Include="EBlackboard.cpp" />
    <ClCompile Include="Actions\GrabItemAction.cpp" />
    <ClCompile Include="Actions\GrabWeaponAction.cpp" />
    <ClCompile Include="Actions\GrabMedkitAction.cpp" />
    <ClCompile Include="Actions\GrabFoodAction.cpp" />
    <ClCompile Include="Actions\UseItemAction.cpp" />
    <ClCompile Include="Actions\UseWeaponAction.cpp" />
    <ClCompile Include="Actions\FindWeaponAction.cpp" />
    <ClCompile Include="DataProvider.cpp" />
    <ClCompile Include="Actions\UseFoodAction.cpp" />
    <ClCompile Include="Actions\UseMedkitAction.cpp" />
    <ClCompile Include="Actions\FindItemAction.cpp" />
    <ClCompile Include="Actions\FindFoodAction.cpp" />
    <ClCompile Include="Actions\FindMedkitAction.cpp" />
    <ClCompile Include="Helpers.cpp" />
    <ClCompile Include="Actions\ExploreAction.cpp" />
    <ClCompile Include="Actions\SearchHouseAction.cpp" />
    <ClCompile Include="Actions\FleeFromEnemyAction.cpp" />
    <ClCompile Include="Memory.cpp" />
  </ItemGroup>
  <ItemGroup>
    <ClInclude Include="SurvivalAgentPlugin.h" />
    <ClInclude Include="stdafx.h" />
    <ClInclude Include="DecisionMaking\FiniteStateMachines\GOAPStates.h" />
    <ClInclude Include="EliteAI\EliteData\EBlackboard.h" />
    <ClInclude Include="EliteAI\EliteDecisionMaking\EliteFiniteStateMachine\EFiniteStateMachine.h" />
    <ClInclude Include="GOAPPlanner.h" />
    <ClInclude Include="Actions\GOAPAction.h" />
    <ClInclude Include="BlackboardTypes.h" />
    <ClInclude Include="Actions\GrabItemAction.h" />
    <ClInclude Include="Actions\GrabWeaponAction.h" />
    <ClInclude Include="Actions\GrabMedkitAction.h" />
    <ClInclude Include="Actions\GrabFoodAction.h" />
    <ClInclude Include="Actions\UseItemAction.h" />
    <ClInclude Include="Actions\UseWeaponAction.h" />
    <ClInclude Include="Actions\FindWeaponAction.h" />
    <ClInclude Include="DataProvider.h" />
    <ClInclude Include="Actions\UseFoodAction.h" />
    <ClInclude Include="Actions\UseMedkitAction.h" />
    <ClInclude Include="Actions\GOAPActions.h" />
    <ClInclude Include="Actions\FindItemAction.h" />
    <ClInclude Include="Actions\FindFoodAction.h" />
    <ClInclude Include="Actions\FindMedkitAction.h" />
    <ClInclude Include="Helpers.h" />
    <ClInclude Include="Actions\ExploreAction.h" />
    <ClInclude Include="Actions\SearchHouseAction.h" />
    <ClInclude Include="Actions\FleeFromEnemyAction.h" />
    <ClInclude Include="Memory.h" />
  </ItemGroup>
</Project>