<?xml version="1.0" encoding="utf-8"?>
<Project ToolsVersion="4.0" xmlns="http://schemas.microsoft.com/developer/msbuild/2003">
  <ItemGroup>
    <ClCompile Include="SurvivalAgentPlugin.cpp" />
    <ClCompile Include="stdafx.cpp" />
    <ClCompile Include="DecisionMaking\FiniteStateMachines\GOAPStates.cpp" />
    <ClCompile Include="EliteAI\EliteDecisionMaking\EliteFiniteStateMachine\EFiniteStateMachine.cpp" />
    <ClCompile Include="GOAPPlanner.cpp" />
    <ClCompile Include="GOAPAction.cpp" />
    <ClCompile Include="EBlackboard.cpp" />
    <ClCompile Include="GrabItemAction.cpp" />
    <ClCompile Include="GrabWeaponAction.cpp" />
    <ClCompile Include="GrabMedkitAction.cpp" />
    <ClCompile Include="GrabFoodAction.cpp" />
    <ClCompile Include="UseItemAction.cpp" />
    <ClCompile Include="UseWeaponAction.cpp" />
    <ClCompile Include="FindWeaponAction.cpp" />
    <ClCompile Include="DataProvider.cpp" />
  </ItemGroup>
  <ItemGroup>
    <ClInclude Include="SurvivalAgentPlugin.h" />
    <ClInclude Include="stdafx.h" />
    <ClInclude Include="DecisionMaking\FiniteStateMachines\GOAPStates.h" />
    <ClInclude Include="EliteAI\EliteData\EBlackboard.h" />
    <ClInclude Include="EliteAI\EliteDecisionMaking\EDecisionMaking.h" />
    <ClInclude Include="EliteAI\EliteDecisionMaking\EliteFiniteStateMachine\EFiniteStateMachine.h" />
    <ClInclude Include="GOAPPlanner.h" />
    <ClInclude Include="GOAPAction.h" />
    <ClInclude Include="BlackboardTypes.h" />
    <ClInclude Include="GrabItemAction.h" />
    <ClInclude Include="GrabWeaponAction.h" />
    <ClInclude Include="GrabMedkitAction.h" />
    <ClInclude Include="GrabFoodAction.h" />
    <ClInclude Include="UseItemAction.h" />
    <ClInclude Include="UseWeaponAction.h" />
    <ClInclude Include="FindWeaponAction.h" />
    <ClInclude Include="DataProvider.h" />
  </ItemGroup>
</Project>